# This file is automatically @generated by Cargo.
# It is not intended for manual editing.
version = 4

[[package]]
name = "aoc2025day01"
version = "0.1.0"

[[package]]
name = "aoc2025day02"
version = "0.1.0"

[[package]]
name = "aoc2025day03"
version = "0.1.0"

[[package]]
name = "aoc2025day04"
version = "0.1.0"
dependencies = [
 "util",
]

[[package]]
name = "aoc2025day05"
version = "0.1.0"

[[package]]
name = "aoc2025day06"
version = "0.1.0"
dependencies = [
 "util",
]

[[package]]
name = "aoc2025day07"
version = "0.1.0"
dependencies = [
 "util",
]

[[package]]
name = "aoc2025day08"
version = "0.1.0"

[[package]]
name = "util"
version = "0.1.0"
