# This file is automatically @generated by Cargo.
# It is not intended for manual editing.
version = 4

[[package]]
name = "aoc2024day01"
version = "0.0.0"

[[package]]
name = "aoc2024day02"
version = "0.0.0"

[[package]]
name = "aoc2024day03"
version = "0.0.0"

[[package]]
name = "aoc2024day04"
version = "0.0.0"

[[package]]
name = "aoc2024day05"
version = "0.0.0"

[[package]]
name = "aoc2024day06"
version = "0.0.0"
dependencies = [
 "rustc-hash",
 "util",
]

[[package]]
name = "aoc2024day07"
version = "0.0.0"
dependencies = [
 "util",
]

[[package]]
name = "aoc2024day08"
version = "0.0.0"
dependencies = [
 "util",
]

[[package]]
name = "aoc2024day09"
version = "0.0.0"
dependencies = [
 "index_list",
 "util",
]

[[package]]
name = "aoc2024day10"
version = "0.0.0"
dependencies = [
 "util",
]

[[package]]
name = "aoc2024day11"
version = "0.0.0"
dependencies = [
 "util",
]

[[package]]
name = "aoc2024day12"
version = "0.0.0"
dependencies = [
 "util",
]

[[package]]
name = "aoc2024day13"
version = "0.0.0"
dependencies = [
 "util",
]

[[package]]
name = "aoc2024day14"
version = "0.0.0"
dependencies = [
 "itertools",
 "util",
]

[[package]]
name = "aoc2024day15"
version = "0.0.0"
dependencies = [
 "util",
]

[[package]]
name = "aoc2024day16"
version = "0.0.0"
dependencies = [
 "util",
]

[[package]]
name = "aoc2024day17"
version = "0.0.0"
dependencies = [
 "util",
]

[[package]]
name = "either"
version = "1.13.0"
source = "registry+https://github.com/rust-lang/crates.io-index"
checksum = "60b1af1c220855b6ceac025d3f6ecdd2b7c4894bfe9cd9bda4fbb4bc7c0d4cf0"

[[package]]
name = "index_list"
version = "0.2.15"
source = "registry+https://github.com/rust-lang/crates.io-index"
checksum = "fa38453685e5fe724fd23ff6c1a158c1e2ca21ce0c2718fa11e96e70e99fd4de"

[[package]]
name = "itertools"
version = "0.13.0"
source = "registry+https://github.com/rust-lang/crates.io-index"
checksum = "413ee7dfc52ee1a4949ceeb7dbc8a33f2d6c088194d9f922fb8318faf1f01186"
dependencies = [
 "either",
]

[[package]]
name = "rustc-hash"
version = "2.1.0"
source = "registry+https://github.com/rust-lang/crates.io-index"
checksum = "c7fb8039b3032c191086b10f11f319a6e99e1e82889c5cc6046f515c9db1d497"

[[package]]
name = "util"
version = "0.1.0"
