# This file is automatically @generated by Cargo.
# It is not intended for manual editing.
version = 4

[[package]]
name = "aoc2024day01"
version = "0.0.0"

[[package]]
name = "aoc2024day02"
version = "0.0.0"

[[package]]
name = "aoc2024day03"
version = "0.0.0"

[[package]]
name = "aoc2024day04"
version = "0.0.0"

[[package]]
name = "aoc2024day05"
version = "0.0.0"
