# This file is automatically @generated by Cargo.
# It is not intended for manual editing.
version = 4

[[package]]
name = "aoc2024day01"
version = "0.0.0"

[[package]]
name = "aoc2024day02"
version = "0.0.0"

[[package]]
name = "aoc2024day03"
version = "0.0.0"

[[package]]
name = "aoc2024day04"
version = "0.0.0"

[[package]]
name = "aoc2024day05"
version = "0.0.0"

[[package]]
name = "aoc2024day06"
version = "0.0.0"
dependencies = [
 "rustc-hash",
 "util",
]

[[package]]
name = "aoc2024day07"
version = "0.0.0"
dependencies = [
 "util",
]

[[package]]
name = "aoc2024day08"
version = "0.0.0"
dependencies = [
 "util",
]

[[package]]
name = "aoc2024day09"
version = "0.0.0"
dependencies = [
 "index_list",
 "util",
]

[[package]]
name = "aoc2024day10"
version = "0.0.0"
dependencies = [
 "util",
]

[[package]]
name = "aoc2024day11"
version = "0.0.0"
dependencies = [
 "util",
]

[[package]]
name = "aoc2024day12"
version = "0.0.0"
dependencies = [
 "util",
]

[[package]]
name = "aoc2024day13"
version = "0.0.0"
dependencies = [
 "util",
]

[[package]]
name = "aoc2024day14"
version = "0.0.0"
dependencies = [
 "itertools",
 "util",
]

[[package]]
name = "aoc2024day15"
version = "0.0.0"
dependencies = [
 "util",
]

[[package]]
name = "aoc2024day16"
version = "0.0.0"
dependencies = [
 "util",
]

[[package]]
name = "aoc2024day17"
version = "0.0.0"
dependencies = [
 "util",
]

[[package]]
name = "aoc2024day18"
version = "0.0.0"
dependencies = [
 "util",
]

[[package]]
name = "aoc2024day19"
version = "0.0.0"
dependencies = [
 "util",
]

[[package]]
name = "aoc2024day20"
version = "0.0.0"
dependencies = [
 "util",
]

[[package]]
name = "either"
version = "1.15.0"
source = "registry+https://github.com/rust-lang/crates.io-index"
checksum = "48c757948c5ede0e46177b7add2e67155f70e33c07fea8284df6576da70b3719"

[[package]]
name = "index_list"
version = "0.2.17"
source = "registry+https://github.com/rust-lang/crates.io-index"
checksum = "30141a73bc8a129ac1ce472e33f45af3e2091d86b3479061b9c2f92fdbe9a28c"

[[package]]
name = "itertools"
version = "0.13.0"
source = "registry+https://github.com/rust-lang/crates.io-index"
checksum = "413ee7dfc52ee1a4949ceeb7dbc8a33f2d6c088194d9f922fb8318faf1f01186"
dependencies = [
 "either",
]

[[package]]
name = "rustc-hash"
version = "2.1.1"
source = "registry+https://github.com/rust-lang/crates.io-index"
checksum = "357703d41365b4b27c590e3ed91eabb1b663f07c4c084095e60cbed4362dff0d"

[[package]]
name = "util"
version = "0.1.0"
