# This file is automatically @generated by Cargo.
# It is not intended for manual editing.
version = 3

[[package]]
name = "aoc2019day01"
version = "0.1.0"

[[package]]
name = "aoc2019day02"
version = "0.1.0"
dependencies = [
 "intcode",
]

[[package]]
name = "aoc2019day03"
version = "0.1.0"

[[package]]
name = "aoc2019day04"
version = "0.1.0"
dependencies = [
 "intcode",
]

[[package]]
name = "aoc2019day05"
version = "0.1.0"
dependencies = [
 "intcode",
]

[[package]]
name = "aoc2019day06"
version = "0.1.0"

[[package]]
name = "aoc2019day07"
version = "0.1.0"
dependencies = [
 "intcode",
]

[[package]]
name = "aoc2019day08"
version = "0.1.0"

[[package]]
name = "aoc2019day09"
version = "0.1.0"
dependencies = [
 "intcode",
]

[[package]]
name = "aoc2019day13"
version = "0.1.0"
dependencies = [
 "intcode",
]

[[package]]
name = "aoc2019day23"
version = "0.1.0"
dependencies = [
 "intcode",
]

[[package]]
name = "intcode"
version = "0.1.0"
