# This file is automatically @generated by Cargo.
# It is not intended for manual editing.
version = 4

[[package]]
name = "aoc2015day04"
version = "0.1.0"
dependencies = [
 "trig-const",
]

[[package]]
name = "aoc2015day05"
version = "0.1.0"

[[package]]
name = "trig-const"
version = "0.3.0"
source = "registry+https://github.com/rust-lang/crates.io-index"
checksum = "d6a4c8f8ed144d6fd842b71e9fc9248ab646e7f4fb4d9927f601d62d848c287f"
