# This file is automatically @generated by Cargo.
# It is not intended for manual editing.
version = 3

[[package]]
name = "aoc2020day01"
version = "0.1.0"

[[package]]
name = "aoc2020day02"
version = "0.1.0"

[[package]]
name = "aoc2020day03"
version = "0.1.0"

[[package]]
name = "aoc2020day04"
version = "0.1.0"

[[package]]
name = "aoc2020day05"
version = "0.1.0"

[[package]]
name = "aoc2020day06"
version = "0.1.0"

[[package]]
name = "aoc2020day07"
version = "0.1.0"

[[package]]
name = "aoc2020day08"
version = "0.1.0"

[[package]]
name = "aoc2020day09"
version = "0.1.0"
