# This file is automatically @generated by Cargo.
# It is not intended for manual editing.
version = 4

[[package]]
name = "aoc2021day01"
version = "0.1.0"

[[package]]
name = "aoc2021day02"
version = "0.1.0"

[[package]]
name = "aoc2021day03"
version = "0.1.0"

[[package]]
name = "aoc2021day04"
version = "0.1.0"

[[package]]
name = "aoc2021day05"
version = "0.1.0"

[[package]]
name = "aoc2021day06"
version = "0.1.0"

[[package]]
name = "aoc2021day07"
version = "0.1.0"

[[package]]
name = "aoc2021day08"
version = "0.1.0"
dependencies = [
 "permutohedron",
]

[[package]]
name = "aoc2021day09"
version = "0.1.0"

[[package]]
name = "aoc2021day10"
version = "0.1.0"

[[package]]
name = "aoc2021day11"
version = "0.1.0"

[[package]]
name = "aoc2021day12"
version = "0.1.0"

[[package]]
name = "aoc2021day13"
version = "0.1.0"

[[package]]
name = "permutohedron"
version = "0.2.4"
source = "registry+https://github.com/rust-lang/crates.io-index"
checksum = "b687ff7b5da449d39e418ad391e5e08da53ec334903ddbb921db208908fc372c"
